
Microsoft Visual Studio Solution File, Format Version 12.00
# Visual Studio Version 17
VisualStudioVersion = 17.4.33110.190
MinimumVisualStudioVersion = 10.0.40219.1
Project("{9A19103F-16F7-4668-BE54-9A1E7A4F7556}") = "BeagleStreetTest.API", "BeagleStreetTest.API\BeagleStreetTest.API.csproj", "{C4BF99E2-BCA9-4D15-B18A-4602C5C768A2}"
EndProject
Project("{9A19103F-16F7-4668-BE54-9A1E7A4F7556}") = "BeagleStreetTest.Data", "BeagleStreetTest.Data\BeagleStreetTest.Data.csproj", "{1FAB0B77-54AB-44B4-A4AB-3A01237FA070}"
EndProject
Project("{9A19103F-16F7-4668-BE54-9A1E7A4F7556}") = "BeagleStreetTest.Domain", "BeagleStreetTest.Domain\BeagleStreetTest.Domain.csproj", "{89DA7A98-4A42-4A1D-B621-9322AE69C70F}"
EndProject
Project("{9A19103F-16F7-4668-BE54-9A1E7A4F7556}") = "BeagleStreetTest.Domain.UnitTests", "BeagleSteetTest.Domain.UnitTests\BeagleStreetTest.Domain.UnitTests.csproj", "{837FAB51-E197-4F3F-9FEB-248C59E012B5}"
EndProject
Project("{FAE04EC0-301F-11D3-BF4B-00C04F79EFBC}") = "BeagleStreetTest.Data.UnitTests", "BeagleStreetTest.Data.UnitTests\BeagleStreetTest.Data.UnitTests.csproj", "{E892ACF2-CCA8-47F2-A74B-1899C4BD9450}"
EndProject
Global
	GlobalSection(SolutionConfigurationPlatforms) = preSolution
		Debug|Any CPU = Debug|Any CPU
		Release|Any CPU = Release|Any CPU
	EndGlobalSection
	GlobalSection(ProjectConfigurationPlatforms) = postSolution
		{C4BF99E2-BCA9-4D15-B18A-4602C5C768A2}.Debug|Any CPU.ActiveCfg = Debug|Any CPU
		{C4BF99E2-BCA9-4D15-B18A-4602C5C768A2}.Debug|Any CPU.Build.0 = Debug|Any CPU
		{C4BF99E2-BCA9-4D15-B18A-4602C5C768A2}.Release|Any CPU.ActiveCfg = Release|Any CPU
		{C4BF99E2-BCA9-4D15-B18A-4602C5C768A2}.Release|Any CPU.Build.0 = Release|Any CPU
		{1FAB0B77-54AB-44B4-A4AB-3A01237FA070}.Debug|Any CPU.ActiveCfg = Debug|Any CPU
		{1FAB0B77-54AB-44B4-A4AB-3A01237FA070}.Debug|Any CPU.Build.0 = Debug|Any CPU
		{1FAB0B77-54AB-44B4-A4AB-3A01237FA070}.Release|Any CPU.ActiveCfg = Release|Any CPU
		{1FAB0B77-54AB-44B4-A4AB-3A01237FA070}.Release|Any CPU.Build.0 = Release|Any CPU
		{89DA7A98-4A42-4A1D-B621-9322AE69C70F}.Debug|Any CPU.ActiveCfg = Debug|Any CPU
		{89DA7A98-4A42-4A1D-B621-9322AE69C70F}.Debug|Any CPU.Build.0 = Debug|Any CPU
		{89DA7A98-4A42-4A1D-B621-9322AE69C70F}.Release|Any CPU.ActiveCfg = Release|Any CPU
		{89DA7A98-4A42-4A1D-B621-9322AE69C70F}.Release|Any CPU.Build.0 = Release|Any CPU
		{837FAB51-E197-4F3F-9FEB-248C59E012B5}.Debug|Any CPU.ActiveCfg = Debug|Any CPU
		{837FAB51-E197-4F3F-9FEB-248C59E012B5}.Debug|Any CPU.Build.0 = Debug|Any CPU
		{837FAB51-E197-4F3F-9FEB-248C59E012B5}.Release|Any CPU.ActiveCfg = Release|Any CPU
		{837FAB51-E197-4F3F-9FEB-248C59E012B5}.Release|Any CPU.Build.0 = Release|Any CPU
		{E892ACF2-CCA8-47F2-A74B-1899C4BD9450}.Debug|Any CPU.ActiveCfg = Debug|Any CPU
		{E892ACF2-CCA8-47F2-A74B-1899C4BD9450}.Debug|Any CPU.Build.0 = Debug|Any CPU
		{E892ACF2-CCA8-47F2-A74B-1899C4BD9450}.Release|Any CPU.ActiveCfg = Release|Any CPU
		{E892ACF2-CCA8-47F2-A74B-1899C4BD9450}.Release|Any CPU.Build.0 = Release|Any CPU
	EndGlobalSection
	GlobalSection(SolutionProperties) = preSolution
		HideSolutionNode = FALSE
	EndGlobalSection
	GlobalSection(ExtensibilityGlobals) = postSolution
		SolutionGuid = {F89D518A-253E-4A9E-8B42-0F36A9F8FC21}
	EndGlobalSection
EndGlobal
